dependencies:
- name: sqlserver
  repository: file://charts/sqlserver
  version: 0.1.0
- name: rabbitmq
  repository: file://charts/rabbitmq
  version: 0.1.0
- name: sales
  repository: file://charts/sales
  version: 0.1.0
- name: identity
  repository: file://charts/identity
  version: 0.1.0
- name: gateway
  repository: file://charts/gateway
  version: 0.1.0
digest: sha256:24c36122568aaf25f4b3b31d429964ed5b435feab83dc44a1029ae5596c0e4ff
generated: "2026-04-19T14:45:13.3140644+01:00"
