dependencies:
- name: sqlserver
  repository: file://charts/sqlserver
  version: 0.1.0
- name: rabbitmq
  repository: file://charts/rabbitmq
  version: 0.1.0
- name: sales
  repository: file://charts/sales
  version: 0.1.0
digest: sha256:b37a5ce4dcd405b1cf20e11f3b809a19689c960fa1dc7c3ff9e2a6b0372542e4
generated: "2026-04-18T21:54:27.2368739+01:00"
