dependencies:
- name: sqlserver
  repository: file://charts/sqlserver
  version: 0.1.0
- name: rabbitmq
  repository: file://charts/rabbitmq
  version: 0.1.0
- name: sales
  repository: file://charts/sales
  version: 0.1.0
- name: identity
  repository: file://charts/identity
  version: 0.1.0
digest: sha256:6b70907fe1141a18301f4b892d8d118e2b6a9062a23ee413cdff2e52899f350f
generated: "2026-04-19T13:35:38.7615259+01:00"
